
Microsoft Visual Studio Solution File, Format Version 11.00
# Visual Studio 2010
Project("{FAE04EC0-301F-11D3-BF4B-00C04F79EFBC}") = "Beta", "Assembly-CSharp.csproj", "{578EEFB7-C42E-0E64-E9FB-410224DD9F77}"
EndProject
Project("{FAE04EC0-301F-11D3-BF4B-00C04F79EFBC}") = "Beta", "Assembly-CSharp-Editor.csproj", "{8E680E80-0130-321B-DCA0-245212C35A69}"
EndProject
Project("{FAE04EC0-301F-11D3-BF4B-00C04F79EFBC}") = "Beta", "Assembly-UnityScript.unityproj", "{CD1E02C0-B43A-3554-2FB6-7D04EC7E638F}"
EndProject
Global
	GlobalSection(SolutionConfigurationPlatforms) = preSolution
		Debug|Any CPU = Debug|Any CPU
		Release|Any CPU = Release|Any CPU
	EndGlobalSection
	GlobalSection(ProjectConfigurationPlatforms) = postSolution
		{578EEFB7-C42E-0E64-E9FB-410224DD9F77}.Debug|Any CPU.ActiveCfg = Debug|Any CPU
		{578EEFB7-C42E-0E64-E9FB-410224DD9F77}.Debug|Any CPU.Build.0 = Debug|Any CPU
		{578EEFB7-C42E-0E64-E9FB-410224DD9F77}.Release|Any CPU.ActiveCfg = Release|Any CPU
		{578EEFB7-C42E-0E64-E9FB-410224DD9F77}.Release|Any CPU.Build.0 = Release|Any CPU
		{8E680E80-0130-321B-DCA0-245212C35A69}.Debug|Any CPU.ActiveCfg = Debug|Any CPU
		{8E680E80-0130-321B-DCA0-245212C35A69}.Debug|Any CPU.Build.0 = Debug|Any CPU
		{8E680E80-0130-321B-DCA0-245212C35A69}.Release|Any CPU.ActiveCfg = Release|Any CPU
		{8E680E80-0130-321B-DCA0-245212C35A69}.Release|Any CPU.Build.0 = Release|Any CPU
		{CD1E02C0-B43A-3554-2FB6-7D04EC7E638F}.Debug|Any CPU.ActiveCfg = Debug|Any CPU
		{CD1E02C0-B43A-3554-2FB6-7D04EC7E638F}.Debug|Any CPU.Build.0 = Debug|Any CPU
		{CD1E02C0-B43A-3554-2FB6-7D04EC7E638F}.Release|Any CPU.ActiveCfg = Release|Any CPU
		{CD1E02C0-B43A-3554-2FB6-7D04EC7E638F}.Release|Any CPU.Build.0 = Release|Any CPU
	EndGlobalSection
	GlobalSection(SolutionProperties) = preSolution
		HideSolutionNode = FALSE
	EndGlobalSection
	GlobalSection(MonoDevelopProperties) = preSolution
		StartupItem = Assembly-CSharp.csproj
	EndGlobalSection
EndGlobal
