
Microsoft Visual Studio Solution File, Format Version 12.00
# Visual Studio 2015
Project("{FAE04EC0-301F-11D3-BF4B-00C04F79EFBC}") = "Beta", "Beta.csproj", "{8DAD7FB5-8376-B999-5F86-9C8528A06D44}"
EndProject
<<<<<<< HEAD
Project("{FAE04EC0-301F-11D3-BF4B-00C04F79EFBC}") = "Beta", "Assembly-CSharp-Editor.csproj", "{8E680E80-0130-321B-DCA0-245212C35A69}"
=======
Project("{FAE04EC0-301F-11D3-BF4B-00C04F79EFBC}") = "Beta.Editor", "Beta.Editor.csproj", "{246E4CC2-F7B1-F07A-BB57-9BF1B64743E1}"
>>>>>>> 65ecfa8854ed3eb12df77f06ec9b61bf91ea4df5
EndProject
Global
	GlobalSection(SolutionConfigurationPlatforms) = preSolution
		Debug|Any CPU = Debug|Any CPU
		Release|Any CPU = Release|Any CPU
	EndGlobalSection
	GlobalSection(ProjectConfigurationPlatforms) = postSolution
<<<<<<< HEAD
		{578EEFB7-C42E-0E64-E9FB-410224DD9F77}.Debug|Any CPU.ActiveCfg = Debug|Any CPU
		{578EEFB7-C42E-0E64-E9FB-410224DD9F77}.Debug|Any CPU.Build.0 = Debug|Any CPU
		{578EEFB7-C42E-0E64-E9FB-410224DD9F77}.Release|Any CPU.ActiveCfg = Release|Any CPU
		{578EEFB7-C42E-0E64-E9FB-410224DD9F77}.Release|Any CPU.Build.0 = Release|Any CPU
		{8E680E80-0130-321B-DCA0-245212C35A69}.Debug|Any CPU.ActiveCfg = Debug|Any CPU
		{8E680E80-0130-321B-DCA0-245212C35A69}.Debug|Any CPU.Build.0 = Debug|Any CPU
		{8E680E80-0130-321B-DCA0-245212C35A69}.Release|Any CPU.ActiveCfg = Release|Any CPU
		{8E680E80-0130-321B-DCA0-245212C35A69}.Release|Any CPU.Build.0 = Release|Any CPU
=======
		{8DAD7FB5-8376-B999-5F86-9C8528A06D44}.Debug|Any CPU.ActiveCfg = Debug|Any CPU
		{8DAD7FB5-8376-B999-5F86-9C8528A06D44}.Debug|Any CPU.Build.0 = Debug|Any CPU
		{8DAD7FB5-8376-B999-5F86-9C8528A06D44}.Release|Any CPU.ActiveCfg = Release|Any CPU
		{8DAD7FB5-8376-B999-5F86-9C8528A06D44}.Release|Any CPU.Build.0 = Release|Any CPU
		{246E4CC2-F7B1-F07A-BB57-9BF1B64743E1}.Debug|Any CPU.ActiveCfg = Debug|Any CPU
		{246E4CC2-F7B1-F07A-BB57-9BF1B64743E1}.Debug|Any CPU.Build.0 = Debug|Any CPU
		{246E4CC2-F7B1-F07A-BB57-9BF1B64743E1}.Release|Any CPU.ActiveCfg = Release|Any CPU
		{246E4CC2-F7B1-F07A-BB57-9BF1B64743E1}.Release|Any CPU.Build.0 = Release|Any CPU
>>>>>>> 65ecfa8854ed3eb12df77f06ec9b61bf91ea4df5
	EndGlobalSection
	GlobalSection(SolutionProperties) = preSolution
		HideSolutionNode = FALSE
	EndGlobalSection
EndGlobal
