
Microsoft Visual Studio Solution File, Format Version 11.00
# Visual Studio 2010
Project("{FAE04EC0-301F-11D3-BF4B-00C04F79EFBC}") = "VR Slot Game Prototype", "Assembly-CSharp.csproj", "{A292A513-97AD-43B7-CC2A-7909923752AD}"
EndProject
Project("{FAE04EC0-301F-11D3-BF4B-00C04F79EFBC}") = "VR Slot Game Prototype", "Assembly-CSharp-Editor.csproj", "{46D2D488-0A32-457E-CE09-E3FB585E5CCC}"
EndProject
Global
	GlobalSection(SolutionConfigurationPlatforms) = preSolution
		Debug|Any CPU = Debug|Any CPU
		Release|Any CPU = Release|Any CPU
	EndGlobalSection
	GlobalSection(ProjectConfigurationPlatforms) = postSolution
		{A292A513-97AD-43B7-CC2A-7909923752AD}.Debug|Any CPU.ActiveCfg = Debug|Any CPU
		{A292A513-97AD-43B7-CC2A-7909923752AD}.Debug|Any CPU.Build.0 = Debug|Any CPU
		{A292A513-97AD-43B7-CC2A-7909923752AD}.Release|Any CPU.ActiveCfg = Release|Any CPU
		{A292A513-97AD-43B7-CC2A-7909923752AD}.Release|Any CPU.Build.0 = Release|Any CPU
		{46D2D488-0A32-457E-CE09-E3FB585E5CCC}.Debug|Any CPU.ActiveCfg = Debug|Any CPU
		{46D2D488-0A32-457E-CE09-E3FB585E5CCC}.Debug|Any CPU.Build.0 = Debug|Any CPU
		{46D2D488-0A32-457E-CE09-E3FB585E5CCC}.Release|Any CPU.ActiveCfg = Release|Any CPU
		{46D2D488-0A32-457E-CE09-E3FB585E5CCC}.Release|Any CPU.Build.0 = Release|Any CPU
	EndGlobalSection
	GlobalSection(SolutionProperties) = preSolution
		HideSolutionNode = FALSE
	EndGlobalSection
	GlobalSection(MonoDevelopProperties) = preSolution
		StartupItem = Assembly-CSharp.csproj
	EndGlobalSection
EndGlobal
